// !$*UTF8*$!
{
	archiveVersion = 1;
	classes = {
	};
	objectVersion = 46;
	objects = {

/* Begin PBXBuildFile section */
		183060E31C8F4879002FCE85 /* AppDelegate.swift in Sources */ = {isa = PBXBuildFile; fileRef = 183060E21C8F4879002FCE85 /* AppDelegate.swift */; };
		183060E51C8F4879002FCE85 /* ViewController.swift in Sources */ = {isa = PBXBuildFile; fileRef = 183060E41C8F4879002FCE85 /* ViewController.swift */; };
		183060E81C8F4879002FCE85 /* Main.storyboard in Resources */ = {isa = PBXBuildFile; fileRef = 183060E61C8F4879002FCE85 /* Main.storyboard */; };
		183060EA1C8F4879002FCE85 /* Assets.xcassets in Resources */ = {isa = PBXBuildFile; fileRef = 183060E91C8F4879002FCE85 /* Assets.xcassets */; };
		183060ED1C8F4879002FCE85 /* LaunchScreen.storyboard in Resources */ = {isa = PBXBuildFile; fileRef = 183060EB1C8F4879002FCE85 /* LaunchScreen.storyboard */; };
		183060F61C8F489D002FCE85 /* Post.swift in Sources */ = {isa = PBXBuildFile; fileRef = 183060F51C8F489D002FCE85 /* Post.swift */; };
		183060F91C8F54EF002FCE85 /* PostCell.swift in Sources */ = {isa = PBXBuildFile; fileRef = 183060F81C8F54EF002FCE85 /* PostCell.swift */; };
		183060FC1C8F7881002FCE85 /* AddPostVCViewController.swift in Sources */ = {isa = PBXBuildFile; fileRef = 183060FB1C8F7880002FCE85 /* AddPostVCViewController.swift */; };
		183060FF1C90497C002FCE85 /* DataService.swift in Sources */ = {isa = PBXBuildFile; fileRef = 183060FE1C90497C002FCE85 /* DataService.swift */; };
/* End PBXBuildFile section */

/* Begin PBXFileReference section */
		183060DF1C8F4879002FCE85 /* My hood.app */ = {isa = PBXFileReference; explicitFileType = wrapper.application; includeInIndex = 0; path = "My hood.app"; sourceTree = BUILT_PRODUCTS_DIR; };
		183060E21C8F4879002FCE85 /* AppDelegate.swift */ = {isa = PBXFileReference; lastKnownFileType = sourcecode.swift; path = AppDelegate.swift; sourceTree = "<group>"; };
		183060E41C8F4879002FCE85 /* ViewController.swift */ = {isa = PBXFileReference; lastKnownFileType = sourcecode.swift; path = ViewController.swift; sourceTree = "<group>"; };
		183060E71C8F4879002FCE85 /* Base */ = {isa = PBXFileReference; lastKnownFileType = file.storyboard; name = Base; path = Base.lproj/Main.storyboard; sourceTree = "<group>"; };
		183060E91C8F4879002FCE85 /* Assets.xcassets */ = {isa = PBXFileReference; lastKnownFileType = folder.assetcatalog; path = Assets.xcassets; sourceTree = "<group>"; };
		183060EC1C8F4879002FCE85 /* Base */ = {isa = PBXFileReference; lastKnownFileType = file.storyboard; name = Base; path = Base.lproj/LaunchScreen.storyboard; sourceTree = "<group>"; };
		183060EE1C8F4879002FCE85 /* Info.plist */ = {isa = PBXFileReference; lastKnownFileType = text.plist.xml; path = Info.plist; sourceTree = "<group>"; };
		183060F51C8F489D002FCE85 /* Post.swift */ = {isa = PBXFileReference; fileEncoding = 4; lastKnownFileType = sourcecode.swift; path = Post.swift; sourceTree = "<group>"; };
		183060F81C8F54EF002FCE85 /* PostCell.swift */ = {isa = PBXFileReference; fileEncoding = 4; lastKnownFileType = sourcecode.swift; path = PostCell.swift; sourceTree = "<group>"; };
		183060FB1C8F7880002FCE85 /* AddPostVCViewController.swift */ = {isa = PBXFileReference; fileEncoding = 4; lastKnownFileType = sourcecode.swift; path = AddPostVCViewController.swift; sourceTree = "<group>"; };
		183060FE1C90497C002FCE85 /* DataService.swift */ = {isa = PBXFileReference; fileEncoding = 4; lastKnownFileType = sourcecode.swift; path = DataService.swift; sourceTree = "<group>"; };
/* End PBXFileReference section */

/* Begin PBXFrameworksBuildPhase section */
		183060DC1C8F4879002FCE85 /* Frameworks */ = {
			isa = PBXFrameworksBuildPhase;
			buildActionMask = 2147483647;
			files = (
			);
			runOnlyForDeploymentPostprocessing = 0;
		};
/* End PBXFrameworksBuildPhase section */

/* Begin PBXGroup section */
		183060D61C8F4878002FCE85 = {
			isa = PBXGroup;
			children = (
				183060E11C8F4879002FCE85 /* My hood */,
				183060E01C8F4879002FCE85 /* Products */,
			);
			sourceTree = "<group>";
		};
		183060E01C8F4879002FCE85 /* Products */ = {
			isa = PBXGroup;
			children = (
				183060DF1C8F4879002FCE85 /* My hood.app */,
			);
			name = Products;
			sourceTree = "<group>";
		};
		183060E11C8F4879002FCE85 /* My hood */ = {
			isa = PBXGroup;
			children = (
				183060FD1C90495D002FCE85 /* Service */,
				183060F41C8F4886002FCE85 /* Model */,
				183060F71C8F5469002FCE85 /* View */,
				183060FA1C8F777C002FCE85 /* Controller */,
				183060E21C8F4879002FCE85 /* AppDelegate.swift */,
				183060E91C8F4879002FCE85 /* Assets.xcassets */,
				183060EE1C8F4879002FCE85 /* Info.plist */,
			);
			path = "My hood";
			sourceTree = "<group>";
		};
		183060F41C8F4886002FCE85 /* Model */ = {
			isa = PBXGroup;
			children = (
				183060F51C8F489D002FCE85 /* Post.swift */,
			);
			name = Model;
			sourceTree = "<group>";
		};
		183060F71C8F5469002FCE85 /* View */ = {
			isa = PBXGroup;
			children = (
				183060F81C8F54EF002FCE85 /* PostCell.swift */,
				183060E61C8F4879002FCE85 /* Main.storyboard */,
				183060EB1C8F4879002FCE85 /* LaunchScreen.storyboard */,
			);
			name = View;
			sourceTree = "<group>";
		};
		183060FA1C8F777C002FCE85 /* Controller */ = {
			isa = PBXGroup;
			children = (
				183060E41C8F4879002FCE85 /* ViewController.swift */,
				183060FB1C8F7880002FCE85 /* AddPostVCViewController.swift */,
			);
			name = Controller;
			sourceTree = "<group>";
		};
		183060FD1C90495D002FCE85 /* Service */ = {
			isa = PBXGroup;
			children = (
				183060FE1C90497C002FCE85 /* DataService.swift */,
			);
			name = Service;
			sourceTree = "<group>";
		};
/* End PBXGroup section */

/* Begin PBXNativeTarget section */
		183060DE1C8F4879002FCE85 /* My hood */ = {
			isa = PBXNativeTarget;
			buildConfigurationList = 183060F11C8F4879002FCE85 /* Build configuration list for PBXNativeTarget "My hood" */;
			buildPhases = (
				183060DB1C8F4879002FCE85 /* Sources */,
				183060DC1C8F4879002FCE85 /* Frameworks */,
				183060DD1C8F4879002FCE85 /* Resources */,
			);
			buildRules = (
			);
			dependencies = (
			);
			name = "My hood";
			productName = "My hood";
			productReference = 183060DF1C8F4879002FCE85 /* My hood.app */;
			productType = "com.apple.product-type.application";
		};
/* End PBXNativeTarget section */

/* Begin PBXProject section */
		183060D71C8F4878002FCE85 /* Project object */ = {
			isa = PBXProject;
			attributes = {
				LastSwiftUpdateCheck = 0710;
				LastUpgradeCheck = 0710;
				ORGANIZATIONNAME = "Rodrigo Pena";
				TargetAttributes = {
					183060DE1C8F4879002FCE85 = {
						CreatedOnToolsVersion = 7.1.1;
					};
				};
			};
			buildConfigurationList = 183060DA1C8F4878002FCE85 /* Build configuration list for PBXProject "My hood" */;
			compatibilityVersion = "Xcode 3.2";
			developmentRegion = English;
			hasScannedForEncodings = 0;
			knownRegions = (
				en,
				Base,
			);
			mainGroup = 183060D61C8F4878002FCE85;
			productRefGroup = 183060E01C8F4879002FCE85 /* Products */;
			projectDirPath = "";
			projectRoot = "";
			targets = (
				183060DE1C8F4879002FCE85 /* My hood */,
			);
		};
/* End PBXProject section */

/* Begin PBXResourcesBuildPhase section */
		183060DD1C8F4879002FCE85 /* Resources */ = {
			isa = PBXResourcesBuildPhase;
			buildActionMask = 2147483647;
			files = (
				183060ED1C8F4879002FCE85 /* LaunchScreen.storyboard in Resources */,
				183060EA1C8F4879002FCE85 /* Assets.xcassets in Resources */,
				183060E81C8F4879002FCE85 /* Main.storyboard in Resources */,
			);
			runOnlyForDeploymentPostprocessing = 0;
		};
/* End PBXResourcesBuildPhase section */

/* Begin PBXSourcesBuildPhase section */
		183060DB1C8F4879002FCE85 /* Sources */ = {
			isa = PBXSourcesBuildPhase;
			buildActionMask = 2147483647;
			files = (
				183060F61C8F489D002FCE85 /* Post.swift in Sources */,
				183060FC1C8F7881002FCE85 /* AddPostVCViewController.swift in Sources */,
				183060E51C8F4879002FCE85 /* ViewController.swift in Sources */,
				183060FF1C90497C002FCE85 /* DataService.swift in Sources */,
				183060E31C8F4879002FCE85 /* AppDelegate.swift in Sources */,
				183060F91C8F54EF002FCE85 /* PostCell.swift in Sources */,
			);
			runOnlyForDeploymentPostprocessing = 0;
		};
/* End PBXSourcesBuildPhase section */

/* Begin PBXVariantGroup section */
		183060E61C8F4879002FCE85 /* Main.storyboard */ = {
			isa = PBXVariantGroup;
			children = (
				183060E71C8F4879002FCE85 /* Base */,
			);
			name = Main.storyboard;
			sourceTree = "<group>";
		};
		183060EB1C8F4879002FCE85 /* LaunchScreen.storyboard */ = {
			isa = PBXVariantGroup;
			children = (
				183060EC1C8F4879002FCE85 /* Base */,
			);
			name = LaunchScreen.storyboard;
			sourceTree = "<group>";
		};
/* End PBXVariantGroup section */

/* Begin XCBuildConfiguration section */
		183060EF1C8F4879002FCE85 /* Debug */ = {
			isa = XCBuildConfiguration;
			buildSettings = {
				ALWAYS_SEARCH_USER_PATHS = NO;
				CLANG_CXX_LANGUAGE_STANDARD = "gnu++0x";
				CLANG_CXX_LIBRARY = "libc++";
				CLANG_ENABLE_MODULES = YES;
				CLANG_ENABLE_OBJC_ARC = YES;
				CLANG_WARN_BOOL_CONVERSION = YES;
				CLANG_WARN_CONSTANT_CONVERSION = YES;
				CLANG_WARN_DIRECT_OBJC_ISA_USAGE = YES_ERROR;
				CLANG_WARN_EMPTY_BODY = YES;
				CLANG_WARN_ENUM_CONVERSION = YES;
				CLANG_WARN_INT_CONVERSION = YES;
				CLANG_WARN_OBJC_ROOT_CLASS = YES_ERROR;
				CLANG_WARN_UNREACHABLE_CODE = YES;
				CLANG_WARN__DUPLICATE_METHOD_MATCH = YES;
				"CODE_SIGN_IDENTITY[sdk=iphoneos*]" = "iPhone Developer";
				COPY_PHASE_STRIP = NO;
				DEBUG_INFORMATION_FORMAT = dwarf;
				ENABLE_STRICT_OBJC_MSGSEND = YES;
				ENABLE_TESTABILITY = YES;
				GCC_C_LANGUAGE_STANDARD = gnu99;
				GCC_DYNAMIC_NO_PIC = NO;
				GCC_NO_COMMON_BLOCKS = YES;
				GCC_OPTIMIZATION_LEVEL = 0;
				GCC_PREPROCESSOR_DEFINITIONS = (
					"DEBUG=1",
					"$(inherited)",
				);
				GCC_WARN_64_TO_32_BIT_CONVERSION = YES;
				GCC_WARN_ABOUT_RETURN_TYPE = YES_ERROR;
				GCC_WARN_UNDECLARED_SELECTOR = YES;
				GCC_WARN_UNINITIALIZED_AUTOS = YES_AGGRESSIVE;
				GCC_WARN_UNUSED_FUNCTION = YES;
				GCC_WARN_UNUSED_VARIABLE = YES;
				IPHONEOS_DEPLOYMENT_TARGET = 9.1;
				MTL_ENABLE_DEBUG_INFO = YES;
				ONLY_ACTIVE_ARCH = YES;
				SDKROOT = iphoneos;
				SWIFT_OPTIMIZATION_LEVEL = "-Onone";
				TARGETED_DEVICE_FAMILY = "1,2";
			};
			name = Debug;
		};
		183060F01C8F4879002FCE85 /* Release */ = {
			isa = XCBuildConfiguration;
			buildSettings = {
				ALWAYS_SEARCH_USER_PATHS = NO;
				CLANG_CXX_LANGUAGE_STANDARD = "gnu++0x";
				CLANG_CXX_LIBRARY = "libc++";
				CLANG_ENABLE_MODULES = YES;
				CLANG_ENABLE_OBJC_ARC = YES;
				CLANG_WARN_BOOL_CONVERSION = YES;
				CLANG_WARN_CONSTANT_CONVERSION = YES;
				CLANG_WARN_DIRECT_OBJC_ISA_USAGE = YES_ERROR;
				CLANG_WARN_EMPTY_BODY = YES;
				CLANG_WARN_ENUM_CONVERSION = YES;
				CLANG_WARN_INT_CONVERSION = YES;
				CLANG_WARN_OBJC_ROOT_CLASS = YES_ERROR;
				CLANG_WARN_UNREACHABLE_CODE = YES;
				CLANG_WARN__DUPLICATE_METHOD_MATCH = YES;
				"CODE_SIGN_IDENTITY[sdk=iphoneos*]" = "iPhone Developer";
				COPY_PHASE_STRIP = NO;
				DEBUG_INFORMATION_FORMAT = "dwarf-with-dsym";
				ENABLE_NS_ASSERTIONS = NO;
				ENABLE_STRICT_OBJC_MSGSEND = YES;
				GCC_C_LANGUAGE_STANDARD = gnu99;
				GCC_NO_COMMON_BLOCKS = YES;
				GCC_WARN_64_TO_32_BIT_CONVERSION = YES;
				GCC_WARN_ABOUT_RETURN_TYPE = YES_ERROR;
				GCC_WARN_UNDECLARED_SELECTOR = YES;
				GCC_WARN_UNINITIALIZED_AUTOS = YES_AGGRESSIVE;
				GCC_WARN_UNUSED_FUNCTION = YES;
				GCC_WARN_UNUSED_VARIABLE = YES;
				IPHONEOS_DEPLOYMENT_TARGET = 9.1;
				MTL_ENABLE_DEBUG_INFO = NO;
				SDKROOT = iphoneos;
				TARGETED_DEVICE_FAMILY = "1,2";
				VALIDATE_PRODUCT = YES;
			};
			name = Release;
		};
		183060F21C8F4879002FCE85 /* Debug */ = {
			isa = XCBuildConfiguration;
			buildSettings = {
				ASSETCATALOG_COMPILER_APPICON_NAME = AppIcon;
				INFOPLIST_FILE = "My hood/Info.plist";
				LD_RUNPATH_SEARCH_PATHS = "$(inherited) @executable_path/Frameworks";
				PRODUCT_BUNDLE_IDENTIFIER = "com.Swift.My-hood";
				PRODUCT_NAME = "$(TARGET_NAME)";
			};
			name = Debug;
		};
		183060F31C8F4879002FCE85 /* Release */ = {
			isa = XCBuildConfiguration;
			buildSettings = {
				ASSETCATALOG_COMPILER_APPICON_NAME = AppIcon;
				INFOPLIST_FILE = "My hood/Info.plist";
				LD_RUNPATH_SEARCH_PATHS = "$(inherited) @executable_path/Frameworks";
				PRODUCT_BUNDLE_IDENTIFIER = "com.Swift.My-hood";
				PRODUCT_NAME = "$(TARGET_NAME)";
			};
			name = Release;
		};
/* End XCBuildConfiguration section */

/* Begin XCConfigurationList section */
		183060DA1C8F4878002FCE85 /* Build configuration list for PBXProject "My hood" */ = {
			isa = XCConfigurationList;
			buildConfigurations = (
				183060EF1C8F4879002FCE85 /* Debug */,
				183060F01C8F4879002FCE85 /* Release */,
			);
			defaultConfigurationIsVisible = 0;
			defaultConfigurationName = Release;
		};
		183060F11C8F4879002FCE85 /* Build configuration list for PBXNativeTarget "My hood" */ = {
			isa = XCConfigurationList;
			buildConfigurations = (
				183060F21C8F4879002FCE85 /* Debug */,
				183060F31C8F4879002FCE85 /* Release */,
			);
			defaultConfigurationIsVisible = 0;
		};
/* End XCConfigurationList section */
	};
	rootObject = 183060D71C8F4878002FCE85 /* Project object */;
}
